
Microsoft Visual Studio Solution File, Format Version 12.00
# Visual Studio Version 17
VisualStudioVersion = 17.8.34525.116
MinimumVisualStudioVersion = 10.0.40219.1
Project("{9A19103F-16F7-4668-BE54-9A1E7A4F7556}") = "StoreApp.Web", "StoreApp.Web.csproj", "{1034D70A-825D-43D7-AF3C-32C4D9E7C357}"
EndProject
Project("{9A19103F-16F7-4668-BE54-9A1E7A4F7556}") = "StoreApp.Data", "..\StoreApp.Data\StoreApp.Data.csproj", "{AFF2A52C-7A3A-45A9-9188-06924BDACC0B}"
EndProject
Global
	GlobalSection(SolutionConfigurationPlatforms) = preSolution
		Debug|Any CPU = Debug|Any CPU
		Release|Any CPU = Release|Any CPU
	EndGlobalSection
	GlobalSection(ProjectConfigurationPlatforms) = postSolution
		{1034D70A-825D-43D7-AF3C-32C4D9E7C357}.Debug|Any CPU.ActiveCfg = Debug|Any CPU
		{1034D70A-825D-43D7-AF3C-32C4D9E7C357}.Debug|Any CPU.Build.0 = Debug|Any CPU
		{1034D70A-825D-43D7-AF3C-32C4D9E7C357}.Release|Any CPU.ActiveCfg = Release|Any CPU
		{1034D70A-825D-43D7-AF3C-32C4D9E7C357}.Release|Any CPU.Build.0 = Release|Any CPU
		{AFF2A52C-7A3A-45A9-9188-06924BDACC0B}.Debug|Any CPU.ActiveCfg = Debug|Any CPU
		{AFF2A52C-7A3A-45A9-9188-06924BDACC0B}.Debug|Any CPU.Build.0 = Debug|Any CPU
		{AFF2A52C-7A3A-45A9-9188-06924BDACC0B}.Release|Any CPU.ActiveCfg = Release|Any CPU
		{AFF2A52C-7A3A-45A9-9188-06924BDACC0B}.Release|Any CPU.Build.0 = Release|Any CPU
	EndGlobalSection
	GlobalSection(SolutionProperties) = preSolution
		HideSolutionNode = FALSE
	EndGlobalSection
	GlobalSection(ExtensibilityGlobals) = postSolution
		SolutionGuid = {8A1FA9CA-1024-4886-8C31-638499457DDE}
	EndGlobalSection
EndGlobal
