
Microsoft Visual Studio Solution File, Format Version 12.00
# Visual Studio Version 17
VisualStudioVersion = 17.8.34525.116
MinimumVisualStudioVersion = 10.0.40219.1
Project("{9A19103F-16F7-4668-BE54-9A1E7A4F7556}") = "StoreApp.WebAPI", "StoreApp.WebAPI.csproj", "{DA296984-1B76-480A-A5CA-F1EEDBF12CE3}"
EndProject
Global
	GlobalSection(SolutionConfigurationPlatforms) = preSolution
		Debug|Any CPU = Debug|Any CPU
		Release|Any CPU = Release|Any CPU
	EndGlobalSection
	GlobalSection(ProjectConfigurationPlatforms) = postSolution
		{DA296984-1B76-480A-A5CA-F1EEDBF12CE3}.Debug|Any CPU.ActiveCfg = Debug|Any CPU
		{DA296984-1B76-480A-A5CA-F1EEDBF12CE3}.Debug|Any CPU.Build.0 = Debug|Any CPU
		{DA296984-1B76-480A-A5CA-F1EEDBF12CE3}.Release|Any CPU.ActiveCfg = Release|Any CPU
		{DA296984-1B76-480A-A5CA-F1EEDBF12CE3}.Release|Any CPU.Build.0 = Release|Any CPU
	EndGlobalSection
	GlobalSection(SolutionProperties) = preSolution
		HideSolutionNode = FALSE
	EndGlobalSection
	GlobalSection(ExtensibilityGlobals) = postSolution
		SolutionGuid = {DF5BA94E-4190-45F5-905E-393B42CE3D49}
	EndGlobalSection
EndGlobal
